
Microsoft Visual Studio Solution File, Format Version 12.00
# Visual Studio Version 17
VisualStudioVersion = 17.8.34330.188
MinimumVisualStudioVersion = 10.0.40219.1
Project("{2150E333-8FDC-42A3-9474-1A3956D46DE8}") = "Orders", "Orders", "{E6E474BB-B8AD-4A46-8D92-F8EB98DF2445}"
EndProject
Project("{2150E333-8FDC-42A3-9474-1A3956D46DE8}") = "Products", "Products", "{55BD13C5-815A-482E-9EE8-553BC0F7CE82}"
EndProject
Project("{9A19103F-16F7-4668-BE54-9A1E7A4F7556}") = "Orders.Contracts", "Orders.Contracts\Orders.Contracts.csproj", "{8A4EDF7B-F91C-48C7-82EC-BC8071A27535}"
EndProject
Project("{9A19103F-16F7-4668-BE54-9A1E7A4F7556}") = "Orders.WebApi", "Orders.WebApi\Orders.WebApi.csproj", "{400626A0-B3BF-4E3B-BA77-225F3D4D1499}"
EndProject
Project("{9A19103F-16F7-4668-BE54-9A1E7A4F7556}") = "Products.WebApi", "Products.WebApi\Products.WebApi.csproj", "{7C0B7A8A-39DF-4688-9101-681212863B29}"
EndProject
Project("{9A19103F-16F7-4668-BE54-9A1E7A4F7556}") = "Orders.Infrastructure", "Orders.Infrastructure\Orders.Infrastructure.csproj", "{A1CEDB0C-7ED6-4BF0-8B91-1838725B5BE9}"
EndProject
Project("{9A19103F-16F7-4668-BE54-9A1E7A4F7556}") = "Products.Contracts", "Products.Contracts\Products.Contracts.csproj", "{D5142F96-420F-43C0-9B6E-E62D0A2D11AC}"
EndProject
Project("{9A19103F-16F7-4668-BE54-9A1E7A4F7556}") = "Products.Infrastructure", "Products.Infrastructure\Products.Infrastructure.csproj", "{0AC363F1-ECAB-45EE-8A1B-6929467084D9}"
EndProject
Project("{2150E333-8FDC-42A3-9474-1A3956D46DE8}") = "Users", "Users", "{835E181C-39FD-430B-B241-79514C2D660E}"
EndProject
Project("{2150E333-8FDC-42A3-9474-1A3956D46DE8}") = "AddressBook", "AddressBook", "{D420C7CA-8135-49A7-90F1-19BAC45C8DF2}"
EndProject
Project("{9A19103F-16F7-4668-BE54-9A1E7A4F7556}") = "Users.WebApi", "Users.WebApi\Users.WebApi.csproj", "{83528AA3-AFCA-4628-857F-949203DC4861}"
EndProject
Project("{9A19103F-16F7-4668-BE54-9A1E7A4F7556}") = "Users.Contracts", "Users.Contracts\Users.Contracts.csproj", "{DB86B4C6-F22F-4D8B-92B8-3576FAA6EFCC}"
EndProject
Project("{9A19103F-16F7-4668-BE54-9A1E7A4F7556}") = "Users.Infrastructure", "Users.Infrastructure\Users.Infrastructure.csproj", "{E365BC0E-4C1E-4D27-826B-93D3725E5911}"
EndProject
Project("{9A19103F-16F7-4668-BE54-9A1E7A4F7556}") = "AddressBook.WebApi", "AddressBook.WebApi\AddressBook.WebApi.csproj", "{D1A55982-5AC0-494A-BB87-1DF291EC4957}"
EndProject
Project("{9A19103F-16F7-4668-BE54-9A1E7A4F7556}") = "AddressBook.Contracts", "AddressBook.Contracts\AddressBook.Contracts.csproj", "{4BDE5069-D4A9-4A24-BC50-A9EE438CEE41}"
EndProject
Project("{9A19103F-16F7-4668-BE54-9A1E7A4F7556}") = "AddressBook.Infrastructure", "AddressBook.Infrastructure\AddressBook.Infrastructure.csproj", "{14D1004F-578A-43D8-BBB3-C276B14629EE}"
EndProject
Project("{2150E333-8FDC-42A3-9474-1A3956D46DE8}") = "BackOffice", "BackOffice", "{8E1CE576-C6A9-4428-800F-8A06371DB9E7}"
EndProject
Project("{FAE04EC0-301F-11D3-BF4B-00C04F79EFBC}") = "BackOffice.WebApi", "BackOffice.WebApi\BackOffice.WebApi.csproj", "{4D21E406-C125-43F6-B14F-0024E1719D9D}"
EndProject
Project("{FAE04EC0-301F-11D3-BF4B-00C04F79EFBC}") = "BackOffice.Contracts", "BackOffice.Contracts\BackOffice.Contracts.csproj", "{A72B5102-44DD-4F88-8D3A-C0D34BEF2EA0}"
EndProject
Project("{FAE04EC0-301F-11D3-BF4B-00C04F79EFBC}") = "BackOffice.Infrastructure", "BackOffice.Infrastructure\BackOffice.Infrastructure.csproj", "{596E5573-7E6B-45A1-95FF-A1E2D3A53421}"
EndProject
Global
	GlobalSection(SolutionConfigurationPlatforms) = preSolution
		Debug|Any CPU = Debug|Any CPU
		Release|Any CPU = Release|Any CPU
	EndGlobalSection
	GlobalSection(ProjectConfigurationPlatforms) = postSolution
		{8A4EDF7B-F91C-48C7-82EC-BC8071A27535}.Debug|Any CPU.ActiveCfg = Debug|Any CPU
		{8A4EDF7B-F91C-48C7-82EC-BC8071A27535}.Debug|Any CPU.Build.0 = Debug|Any CPU
		{8A4EDF7B-F91C-48C7-82EC-BC8071A27535}.Release|Any CPU.ActiveCfg = Release|Any CPU
		{8A4EDF7B-F91C-48C7-82EC-BC8071A27535}.Release|Any CPU.Build.0 = Release|Any CPU
		{400626A0-B3BF-4E3B-BA77-225F3D4D1499}.Debug|Any CPU.ActiveCfg = Debug|Any CPU
		{400626A0-B3BF-4E3B-BA77-225F3D4D1499}.Debug|Any CPU.Build.0 = Debug|Any CPU
		{400626A0-B3BF-4E3B-BA77-225F3D4D1499}.Release|Any CPU.ActiveCfg = Release|Any CPU
		{400626A0-B3BF-4E3B-BA77-225F3D4D1499}.Release|Any CPU.Build.0 = Release|Any CPU
		{7C0B7A8A-39DF-4688-9101-681212863B29}.Debug|Any CPU.ActiveCfg = Debug|Any CPU
		{7C0B7A8A-39DF-4688-9101-681212863B29}.Debug|Any CPU.Build.0 = Debug|Any CPU
		{7C0B7A8A-39DF-4688-9101-681212863B29}.Release|Any CPU.ActiveCfg = Release|Any CPU
		{7C0B7A8A-39DF-4688-9101-681212863B29}.Release|Any CPU.Build.0 = Release|Any CPU
		{A1CEDB0C-7ED6-4BF0-8B91-1838725B5BE9}.Debug|Any CPU.ActiveCfg = Debug|Any CPU
		{A1CEDB0C-7ED6-4BF0-8B91-1838725B5BE9}.Debug|Any CPU.Build.0 = Debug|Any CPU
		{A1CEDB0C-7ED6-4BF0-8B91-1838725B5BE9}.Release|Any CPU.ActiveCfg = Release|Any CPU
		{A1CEDB0C-7ED6-4BF0-8B91-1838725B5BE9}.Release|Any CPU.Build.0 = Release|Any CPU
		{D5142F96-420F-43C0-9B6E-E62D0A2D11AC}.Debug|Any CPU.ActiveCfg = Debug|Any CPU
		{D5142F96-420F-43C0-9B6E-E62D0A2D11AC}.Debug|Any CPU.Build.0 = Debug|Any CPU
		{D5142F96-420F-43C0-9B6E-E62D0A2D11AC}.Release|Any CPU.ActiveCfg = Release|Any CPU
		{D5142F96-420F-43C0-9B6E-E62D0A2D11AC}.Release|Any CPU.Build.0 = Release|Any CPU
		{0AC363F1-ECAB-45EE-8A1B-6929467084D9}.Debug|Any CPU.ActiveCfg = Debug|Any CPU
		{0AC363F1-ECAB-45EE-8A1B-6929467084D9}.Debug|Any CPU.Build.0 = Debug|Any CPU
		{0AC363F1-ECAB-45EE-8A1B-6929467084D9}.Release|Any CPU.ActiveCfg = Release|Any CPU
		{0AC363F1-ECAB-45EE-8A1B-6929467084D9}.Release|Any CPU.Build.0 = Release|Any CPU
		{83528AA3-AFCA-4628-857F-949203DC4861}.Debug|Any CPU.ActiveCfg = Debug|Any CPU
		{83528AA3-AFCA-4628-857F-949203DC4861}.Debug|Any CPU.Build.0 = Debug|Any CPU
		{83528AA3-AFCA-4628-857F-949203DC4861}.Release|Any CPU.ActiveCfg = Release|Any CPU
		{83528AA3-AFCA-4628-857F-949203DC4861}.Release|Any CPU.Build.0 = Release|Any CPU
		{DB86B4C6-F22F-4D8B-92B8-3576FAA6EFCC}.Debug|Any CPU.ActiveCfg = Debug|Any CPU
		{DB86B4C6-F22F-4D8B-92B8-3576FAA6EFCC}.Debug|Any CPU.Build.0 = Debug|Any CPU
		{DB86B4C6-F22F-4D8B-92B8-3576FAA6EFCC}.Release|Any CPU.ActiveCfg = Release|Any CPU
		{DB86B4C6-F22F-4D8B-92B8-3576FAA6EFCC}.Release|Any CPU.Build.0 = Release|Any CPU
		{E365BC0E-4C1E-4D27-826B-93D3725E5911}.Debug|Any CPU.ActiveCfg = Debug|Any CPU
		{E365BC0E-4C1E-4D27-826B-93D3725E5911}.Debug|Any CPU.Build.0 = Debug|Any CPU
		{E365BC0E-4C1E-4D27-826B-93D3725E5911}.Release|Any CPU.ActiveCfg = Release|Any CPU
		{E365BC0E-4C1E-4D27-826B-93D3725E5911}.Release|Any CPU.Build.0 = Release|Any CPU
		{D1A55982-5AC0-494A-BB87-1DF291EC4957}.Debug|Any CPU.ActiveCfg = Debug|Any CPU
		{D1A55982-5AC0-494A-BB87-1DF291EC4957}.Debug|Any CPU.Build.0 = Debug|Any CPU
		{D1A55982-5AC0-494A-BB87-1DF291EC4957}.Release|Any CPU.ActiveCfg = Release|Any CPU
		{D1A55982-5AC0-494A-BB87-1DF291EC4957}.Release|Any CPU.Build.0 = Release|Any CPU
		{4BDE5069-D4A9-4A24-BC50-A9EE438CEE41}.Debug|Any CPU.ActiveCfg = Debug|Any CPU
		{4BDE5069-D4A9-4A24-BC50-A9EE438CEE41}.Debug|Any CPU.Build.0 = Debug|Any CPU
		{4BDE5069-D4A9-4A24-BC50-A9EE438CEE41}.Release|Any CPU.ActiveCfg = Release|Any CPU
		{4BDE5069-D4A9-4A24-BC50-A9EE438CEE41}.Release|Any CPU.Build.0 = Release|Any CPU
		{14D1004F-578A-43D8-BBB3-C276B14629EE}.Debug|Any CPU.ActiveCfg = Debug|Any CPU
		{14D1004F-578A-43D8-BBB3-C276B14629EE}.Debug|Any CPU.Build.0 = Debug|Any CPU
		{14D1004F-578A-43D8-BBB3-C276B14629EE}.Release|Any CPU.ActiveCfg = Release|Any CPU
		{14D1004F-578A-43D8-BBB3-C276B14629EE}.Release|Any CPU.Build.0 = Release|Any CPU
		{4D21E406-C125-43F6-B14F-0024E1719D9D}.Debug|Any CPU.ActiveCfg = Debug|Any CPU
		{4D21E406-C125-43F6-B14F-0024E1719D9D}.Debug|Any CPU.Build.0 = Debug|Any CPU
		{4D21E406-C125-43F6-B14F-0024E1719D9D}.Release|Any CPU.ActiveCfg = Release|Any CPU
		{4D21E406-C125-43F6-B14F-0024E1719D9D}.Release|Any CPU.Build.0 = Release|Any CPU
		{A72B5102-44DD-4F88-8D3A-C0D34BEF2EA0}.Debug|Any CPU.ActiveCfg = Debug|Any CPU
		{A72B5102-44DD-4F88-8D3A-C0D34BEF2EA0}.Debug|Any CPU.Build.0 = Debug|Any CPU
		{A72B5102-44DD-4F88-8D3A-C0D34BEF2EA0}.Release|Any CPU.ActiveCfg = Release|Any CPU
		{A72B5102-44DD-4F88-8D3A-C0D34BEF2EA0}.Release|Any CPU.Build.0 = Release|Any CPU
		{596E5573-7E6B-45A1-95FF-A1E2D3A53421}.Debug|Any CPU.ActiveCfg = Debug|Any CPU
		{596E5573-7E6B-45A1-95FF-A1E2D3A53421}.Debug|Any CPU.Build.0 = Debug|Any CPU
		{596E5573-7E6B-45A1-95FF-A1E2D3A53421}.Release|Any CPU.ActiveCfg = Release|Any CPU
		{596E5573-7E6B-45A1-95FF-A1E2D3A53421}.Release|Any CPU.Build.0 = Release|Any CPU
	EndGlobalSection
	GlobalSection(SolutionProperties) = preSolution
		HideSolutionNode = FALSE
	EndGlobalSection
	GlobalSection(NestedProjects) = preSolution
		{8A4EDF7B-F91C-48C7-82EC-BC8071A27535} = {E6E474BB-B8AD-4A46-8D92-F8EB98DF2445}
		{400626A0-B3BF-4E3B-BA77-225F3D4D1499} = {E6E474BB-B8AD-4A46-8D92-F8EB98DF2445}
		{7C0B7A8A-39DF-4688-9101-681212863B29} = {55BD13C5-815A-482E-9EE8-553BC0F7CE82}
		{A1CEDB0C-7ED6-4BF0-8B91-1838725B5BE9} = {E6E474BB-B8AD-4A46-8D92-F8EB98DF2445}
		{D5142F96-420F-43C0-9B6E-E62D0A2D11AC} = {55BD13C5-815A-482E-9EE8-553BC0F7CE82}
		{0AC363F1-ECAB-45EE-8A1B-6929467084D9} = {55BD13C5-815A-482E-9EE8-553BC0F7CE82}
		{83528AA3-AFCA-4628-857F-949203DC4861} = {835E181C-39FD-430B-B241-79514C2D660E}
		{DB86B4C6-F22F-4D8B-92B8-3576FAA6EFCC} = {835E181C-39FD-430B-B241-79514C2D660E}
		{E365BC0E-4C1E-4D27-826B-93D3725E5911} = {835E181C-39FD-430B-B241-79514C2D660E}
		{D1A55982-5AC0-494A-BB87-1DF291EC4957} = {D420C7CA-8135-49A7-90F1-19BAC45C8DF2}
		{4BDE5069-D4A9-4A24-BC50-A9EE438CEE41} = {D420C7CA-8135-49A7-90F1-19BAC45C8DF2}
		{14D1004F-578A-43D8-BBB3-C276B14629EE} = {D420C7CA-8135-49A7-90F1-19BAC45C8DF2}
		{4D21E406-C125-43F6-B14F-0024E1719D9D} = {8E1CE576-C6A9-4428-800F-8A06371DB9E7}
		{A72B5102-44DD-4F88-8D3A-C0D34BEF2EA0} = {8E1CE576-C6A9-4428-800F-8A06371DB9E7}
		{596E5573-7E6B-45A1-95FF-A1E2D3A53421} = {8E1CE576-C6A9-4428-800F-8A06371DB9E7}
	EndGlobalSection
	GlobalSection(ExtensibilityGlobals) = postSolution
		SolutionGuid = {A69CFC4C-69F4-40D9-9563-52E0C2E587B6}
	EndGlobalSection
EndGlobal
